// !$*UTF8*$!
{
	archiveVersion = 1;
	classes = {
	};
	objectVersion = 46;
	objects = {

/* Begin PBXBuildFile section */
		92DCE5281EBE3D4F00EE8456 /* AppDelegate.swift in Sources */ = {isa = PBXBuildFile; fileRef = 92DCE5271EBE3D4F00EE8456 /* AppDelegate.swift */; };
		92DCE52A1EBE3D4F00EE8456 /* ViewController.swift in Sources */ = {isa = PBXBuildFile; fileRef = 92DCE5291EBE3D4F00EE8456 /* ViewController.swift */; };
		92DCE52D1EBE3D4F00EE8456 /* Main.storyboard in Resources */ = {isa = PBXBuildFile; fileRef = 92DCE52B1EBE3D4F00EE8456 /* Main.storyboard */; };
		92DCE52F1EBE3D4F00EE8456 /* Assets.xcassets in Resources */ = {isa = PBXBuildFile; fileRef = 92DCE52E1EBE3D4F00EE8456 /* Assets.xcassets */; };
		92DCE5321EBE3D4F00EE8456 /* LaunchScreen.storyboard in Resources */ = {isa = PBXBuildFile; fileRef = 92DCE5301EBE3D4F00EE8456 /* LaunchScreen.storyboard */; };
/* End PBXBuildFile section */

/* Begin PBXFileReference section */
		92DCE5241EBE3D4F00EE8456 /* Cute Pets for Nice Homes.app */ = {isa = PBXFileReference; explicitFileType = wrapper.application; includeInIndex = 0; path = "Cute Pets for Nice Homes.app"; sourceTree = BUILT_PRODUCTS_DIR; };
		92DCE5271EBE3D4F00EE8456 /* AppDelegate.swift */ = {isa = PBXFileReference; lastKnownFileType = sourcecode.swift; path = AppDelegate.swift; sourceTree = "<group>"; };
		92DCE5291EBE3D4F00EE8456 /* ViewController.swift */ = {isa = PBXFileReference; lastKnownFileType = sourcecode.swift; path = ViewController.swift; sourceTree = "<group>"; };
		92DCE52C1EBE3D4F00EE8456 /* Base */ = {isa = PBXFileReference; lastKnownFileType = file.storyboard; name = Base; path = Base.lproj/Main.storyboard; sourceTree = "<group>"; };
		92DCE52E1EBE3D4F00EE8456 /* Assets.xcassets */ = {isa = PBXFileReference; lastKnownFileType = folder.assetcatalog; path = Assets.xcassets; sourceTree = "<group>"; };
		92DCE5311EBE3D4F00EE8456 /* Base */ = {isa = PBXFileReference; lastKnownFileType = file.storyboard; name = Base; path = Base.lproj/LaunchScreen.storyboard; sourceTree = "<group>"; };
		92DCE5331EBE3D4F00EE8456 /* Info.plist */ = {isa = PBXFileReference; lastKnownFileType = text.plist.xml; path = Info.plist; sourceTree = "<group>"; };
/* End PBXFileReference section */

/* Begin PBXFrameworksBuildPhase section */
		92DCE5211EBE3D4E00EE8456 /* Frameworks */ = {
			isa = PBXFrameworksBuildPhase;
			buildActionMask = 2147483647;
			files = (
			);
			runOnlyForDeploymentPostprocessing = 0;
		};
/* End PBXFrameworksBuildPhase section */

/* Begin PBXGroup section */
		92DCE51B1EBE3D4E00EE8456 = {
			isa = PBXGroup;
			children = (
				92DCE5261EBE3D4F00EE8456 /* Cute Pets for Nice Homes */,
				92DCE5251EBE3D4F00EE8456 /* Products */,
			);
			sourceTree = "<group>";
		};
		92DCE5251EBE3D4F00EE8456 /* Products */ = {
			isa = PBXGroup;
			children = (
				92DCE5241EBE3D4F00EE8456 /* Cute Pets for Nice Homes.app */,
			);
			name = Products;
			sourceTree = "<group>";
		};
		92DCE5261EBE3D4F00EE8456 /* Cute Pets for Nice Homes */ = {
			isa = PBXGroup;
			children = (
				92DCE5271EBE3D4F00EE8456 /* AppDelegate.swift */,
				92DCE5291EBE3D4F00EE8456 /* ViewController.swift */,
				92DCE52B1EBE3D4F00EE8456 /* Main.storyboard */,
				92DCE52E1EBE3D4F00EE8456 /* Assets.xcassets */,
				92DCE5301EBE3D4F00EE8456 /* LaunchScreen.storyboard */,
				92DCE5331EBE3D4F00EE8456 /* Info.plist */,
			);
			path = "Cute Pets for Nice Homes";
			sourceTree = "<group>";
		};
/* End PBXGroup section */

/* Begin PBXNativeTarget section */
		92DCE5231EBE3D4E00EE8456 /* Cute Pets for Nice Homes */ = {
			isa = PBXNativeTarget;
			buildConfigurationList = 92DCE5361EBE3D4F00EE8456 /* Build configuration list for PBXNativeTarget "Cute Pets for Nice Homes" */;
			buildPhases = (
				92DCE5201EBE3D4E00EE8456 /* Sources */,
				92DCE5211EBE3D4E00EE8456 /* Frameworks */,
				92DCE5221EBE3D4E00EE8456 /* Resources */,
			);
			buildRules = (
			);
			dependencies = (
			);
			name = "Cute Pets for Nice Homes";
			productName = "Cute Pets for Nice Homes";
			productReference = 92DCE5241EBE3D4F00EE8456 /* Cute Pets for Nice Homes.app */;
			productType = "com.apple.product-type.application";
		};
/* End PBXNativeTarget section */

/* Begin PBXProject section */
		92DCE51C1EBE3D4E00EE8456 /* Project object */ = {
			isa = PBXProject;
			attributes = {
				LastSwiftUpdateCheck = 0830;
				LastUpgradeCheck = 0830;
				ORGANIZATIONNAME = "Kreena Parikh";
				TargetAttributes = {
					92DCE5231EBE3D4E00EE8456 = {
						CreatedOnToolsVersion = 8.3.2;
						ProvisioningStyle = Automatic;
					};
				};
			};
			buildConfigurationList = 92DCE51F1EBE3D4E00EE8456 /* Build configuration list for PBXProject "Cute Pets for Nice Homes" */;
			compatibilityVersion = "Xcode 3.2";
			developmentRegion = English;
			hasScannedForEncodings = 0;
			knownRegions = (
				en,
				Base,
			);
			mainGroup = 92DCE51B1EBE3D4E00EE8456;
			productRefGroup = 92DCE5251EBE3D4F00EE8456 /* Products */;
			projectDirPath = "";
			projectRoot = "";
			targets = (
				92DCE5231EBE3D4E00EE8456 /* Cute Pets for Nice Homes */,
			);
		};
/* End PBXProject section */

/* Begin PBXResourcesBuildPhase section */
		92DCE5221EBE3D4E00EE8456 /* Resources */ = {
			isa = PBXResourcesBuildPhase;
			buildActionMask = 2147483647;
			files = (
				92DCE5321EBE3D4F00EE8456 /* LaunchScreen.storyboard in Resources */,
				92DCE52F1EBE3D4F00EE8456 /* Assets.xcassets in Resources */,
				92DCE52D1EBE3D4F00EE8456 /* Main.storyboard in Resources */,
			);
			runOnlyForDeploymentPostprocessing = 0;
		};
/* End PBXResourcesBuildPhase section */

/* Begin PBXSourcesBuildPhase section */
		92DCE5201EBE3D4E00EE8456 /* Sources */ = {
			isa = PBXSourcesBuildPhase;
			buildActionMask = 2147483647;
			files = (
				92DCE52A1EBE3D4F00EE8456 /* ViewController.swift in Sources */,
				92DCE5281EBE3D4F00EE8456 /* AppDelegate.swift in Sources */,
			);
			runOnlyForDeploymentPostprocessing = 0;
		};
/* End PBXSourcesBuildPhase section */

/* Begin PBXVariantGroup section */
		92DCE52B1EBE3D4F00EE8456 /* Main.storyboard */ = {
			isa = PBXVariantGroup;
			children = (
				92DCE52C1EBE3D4F00EE8456 /* Base */,
			);
			name = Main.storyboard;
			sourceTree = "<group>";
		};
		92DCE5301EBE3D4F00EE8456 /* LaunchScreen.storyboard */ = {
			isa = PBXVariantGroup;
			children = (
				92DCE5311EBE3D4F00EE8456 /* Base */,
			);
			name = LaunchScreen.storyboard;
			sourceTree = "<group>";
		};
/* End PBXVariantGroup section */

/* Begin XCBuildConfiguration section */
		92DCE5341EBE3D4F00EE8456 /* Debug */ = {
			isa = XCBuildConfiguration;
			buildSettings = {
				ALWAYS_SEARCH_USER_PATHS = NO;
				CLANG_ANALYZER_NONNULL = YES;
				CLANG_ANALYZER_NUMBER_OBJECT_CONVERSION = YES_AGGRESSIVE;
				CLANG_CXX_LANGUAGE_STANDARD = "gnu++0x";
				CLANG_CXX_LIBRARY = "libc++";
				CLANG_ENABLE_MODULES = YES;
				CLANG_ENABLE_OBJC_ARC = YES;
				CLANG_WARN_BOOL_CONVERSION = YES;
				CLANG_WARN_CONSTANT_CONVERSION = YES;
				CLANG_WARN_DIRECT_OBJC_ISA_USAGE = YES_ERROR;
				CLANG_WARN_DOCUMENTATION_COMMENTS = YES;
				CLANG_WARN_EMPTY_BODY = YES;
				CLANG_WARN_ENUM_CONVERSION = YES;
				CLANG_WARN_INFINITE_RECURSION = YES;
				CLANG_WARN_INT_CONVERSION = YES;
				CLANG_WARN_OBJC_ROOT_CLASS = YES_ERROR;
				CLANG_WARN_SUSPICIOUS_MOVE = YES;
				CLANG_WARN_UNREACHABLE_CODE = YES;
				CLANG_WARN__DUPLICATE_METHOD_MATCH = YES;
				"CODE_SIGN_IDENTITY[sdk=iphoneos*]" = "iPhone Developer";
				COPY_PHASE_STRIP = NO;
				DEBUG_INFORMATION_FORMAT = dwarf;
				ENABLE_STRICT_OBJC_MSGSEND = YES;
				ENABLE_TESTABILITY = YES;
				GCC_C_LANGUAGE_STANDARD = gnu99;
				GCC_DYNAMIC_NO_PIC = NO;
				GCC_NO_COMMON_BLOCKS = YES;
				GCC_OPTIMIZATION_LEVEL = 0;
				GCC_PREPROCESSOR_DEFINITIONS = (
					"DEBUG=1",
					"$(inherited)",
				);
				GCC_WARN_64_TO_32_BIT_CONVERSION = YES;
				GCC_WARN_ABOUT_RETURN_TYPE = YES_ERROR;
				GCC_WARN_UNDECLARED_SELECTOR = YES;
				GCC_WARN_UNINITIALIZED_AUTOS = YES_AGGRESSIVE;
				GCC_WARN_UNUSED_FUNCTION = YES;
				GCC_WARN_UNUSED_VARIABLE = YES;
				IPHONEOS_DEPLOYMENT_TARGET = 10.3;
				MTL_ENABLE_DEBUG_INFO = YES;
				ONLY_ACTIVE_ARCH = YES;
				SDKROOT = iphoneos;
				SWIFT_ACTIVE_COMPILATION_CONDITIONS = DEBUG;
				SWIFT_OPTIMIZATION_LEVEL = "-Onone";
				TARGETED_DEVICE_FAMILY = "1,2";
			};
			name = Debug;
		};
		92DCE5351EBE3D4F00EE8456 /* Release */ = {
			isa = XCBuildConfiguration;
			buildSettings = {
				ALWAYS_SEARCH_USER_PATHS = NO;
				CLANG_ANALYZER_NONNULL = YES;
				CLANG_ANALYZER_NUMBER_OBJECT_CONVERSION = YES_AGGRESSIVE;
				CLANG_CXX_LANGUAGE_STANDARD = "gnu++0x";
				CLANG_CXX_LIBRARY = "libc++";
				CLANG_ENABLE_MODULES = YES;
				CLANG_ENABLE_OBJC_ARC = YES;
				CLANG_WARN_BOOL_CONVERSION = YES;
				CLANG_WARN_CONSTANT_CONVERSION = YES;
				CLANG_WARN_DIRECT_OBJC_ISA_USAGE = YES_ERROR;
				CLANG_WARN_DOCUMENTATION_COMMENTS = YES;
				CLANG_WARN_EMPTY_BODY = YES;
				CLANG_WARN_ENUM_CONVERSION = YES;
				CLANG_WARN_INFINITE_RECURSION = YES;
				CLANG_WARN_INT_CONVERSION = YES;
				CLANG_WARN_OBJC_ROOT_CLASS = YES_ERROR;
				CLANG_WARN_SUSPICIOUS_MOVE = YES;
				CLANG_WARN_UNREACHABLE_CODE = YES;
				CLANG_WARN__DUPLICATE_METHOD_MATCH = YES;
				"CODE_SIGN_IDENTITY[sdk=iphoneos*]" = "iPhone Developer";
				COPY_PHASE_STRIP = NO;
				DEBUG_INFORMATION_FORMAT = "dwarf-with-dsym";
				ENABLE_NS_ASSERTIONS = NO;
				ENABLE_STRICT_OBJC_MSGSEND = YES;
				GCC_C_LANGUAGE_STANDARD = gnu99;
				GCC_NO_COMMON_BLOCKS = YES;
				GCC_WARN_64_TO_32_BIT_CONVERSION = YES;
				GCC_WARN_ABOUT_RETURN_TYPE = YES_ERROR;
				GCC_WARN_UNDECLARED_SELECTOR = YES;
				GCC_WARN_UNINITIALIZED_AUTOS = YES_AGGRESSIVE;
				GCC_WARN_UNUSED_FUNCTION = YES;
				GCC_WARN_UNUSED_VARIABLE = YES;
				IPHONEOS_DEPLOYMENT_TARGET = 10.3;
				MTL_ENABLE_DEBUG_INFO = NO;
				SDKROOT = iphoneos;
				SWIFT_OPTIMIZATION_LEVEL = "-Owholemodule";
				TARGETED_DEVICE_FAMILY = "1,2";
				VALIDATE_PRODUCT = YES;
			};
			name = Release;
		};
		92DCE5371EBE3D4F00EE8456 /* Debug */ = {
			isa = XCBuildConfiguration;
			buildSettings = {
				ASSETCATALOG_COMPILER_APPICON_NAME = AppIcon;
				INFOPLIST_FILE = "Cute Pets for Nice Homes/Info.plist";
				LD_RUNPATH_SEARCH_PATHS = "$(inherited) @executable_path/Frameworks";
				PRODUCT_BUNDLE_IDENTIFIER = "Girls-Who-Code.Cute-Pets-for-Nice-Homes";
				PRODUCT_NAME = "$(TARGET_NAME)";
				SWIFT_VERSION = 3.0;
			};
			name = Debug;
		};
		92DCE5381EBE3D4F00EE8456 /* Release */ = {
			isa = XCBuildConfiguration;
			buildSettings = {
				ASSETCATALOG_COMPILER_APPICON_NAME = AppIcon;
				INFOPLIST_FILE = "Cute Pets for Nice Homes/Info.plist";
				LD_RUNPATH_SEARCH_PATHS = "$(inherited) @executable_path/Frameworks";
				PRODUCT_BUNDLE_IDENTIFIER = "Girls-Who-Code.Cute-Pets-for-Nice-Homes";
				PRODUCT_NAME = "$(TARGET_NAME)";
				SWIFT_VERSION = 3.0;
			};
			name = Release;
		};
/* End XCBuildConfiguration section */

/* Begin XCConfigurationList section */
		92DCE51F1EBE3D4E00EE8456 /* Build configuration list for PBXProject "Cute Pets for Nice Homes" */ = {
			isa = XCConfigurationList;
			buildConfigurations = (
				92DCE5341EBE3D4F00EE8456 /* Debug */,
				92DCE5351EBE3D4F00EE8456 /* Release */,
			);
			defaultConfigurationIsVisible = 0;
			defaultConfigurationName = Release;
		};
		92DCE5361EBE3D4F00EE8456 /* Build configuration list for PBXNativeTarget "Cute Pets for Nice Homes" */ = {
			isa = XCConfigurationList;
			buildConfigurations = (
				92DCE5371EBE3D4F00EE8456 /* Debug */,
				92DCE5381EBE3D4F00EE8456 /* Release */,
			);
			defaultConfigurationIsVisible = 0;
		};
/* End XCConfigurationList section */
	};
	rootObject = 92DCE51C1EBE3D4E00EE8456 /* Project object */;
}
